
Microsoft Visual Studio Solution File, Format Version 12.00
# Visual Studio Version 17
VisualStudioVersion = 17.2.32630.192
MinimumVisualStudioVersion = 10.0.40219.1
Project("{FAE04EC0-301F-11D3-BF4B-00C04F79EFBC}") = "InteractiveFiction", "InteractiveFiction\InteractiveFiction.csproj", "{AE37A3E0-8335-41B5-964D-CFE47F0D6931}"
EndProject
Global
	GlobalSection(SolutionConfigurationPlatforms) = preSolution
		Debug|Any CPU = Debug|Any CPU
		Release|Any CPU = Release|Any CPU
	EndGlobalSection
	GlobalSection(ProjectConfigurationPlatforms) = postSolution
		{AE37A3E0-8335-41B5-964D-CFE47F0D6931}.Debug|Any CPU.ActiveCfg = Debug|Any CPU
		{AE37A3E0-8335-41B5-964D-CFE47F0D6931}.Debug|Any CPU.Build.0 = Debug|Any CPU
		{AE37A3E0-8335-41B5-964D-CFE47F0D6931}.Release|Any CPU.ActiveCfg = Release|Any CPU
		{AE37A3E0-8335-41B5-964D-CFE47F0D6931}.Release|Any CPU.Build.0 = Release|Any CPU
	EndGlobalSection
	GlobalSection(SolutionProperties) = preSolution
		HideSolutionNode = FALSE
	EndGlobalSection
	GlobalSection(ExtensibilityGlobals) = postSolution
		SolutionGuid = {6C1C6D97-A0C5-49A6-A38E-8867A82F6FA4}
	EndGlobalSection
EndGlobal
